
Microsoft Visual Studio Solution File, Format Version 12.00
# Visual Studio Version 16
VisualStudioVersion = 16.0.31729.503
MinimumVisualStudioVersion = 10.0.40219.1
Project("{FAE04EC0-301F-11D3-BF4B-00C04F79EFBC}") = "WindowsDocker", "WindowsDocker\WindowsDocker.csproj", "{DB569AF4-344D-4E24-B2AD-1F65F520CAE8}"
EndProject
Global
	GlobalSection(SolutionConfigurationPlatforms) = preSolution
		Debug|Any CPU = Debug|Any CPU
		Release|Any CPU = Release|Any CPU
	EndGlobalSection
	GlobalSection(ProjectConfigurationPlatforms) = postSolution
		{DB569AF4-344D-4E24-B2AD-1F65F520CAE8}.Debug|Any CPU.ActiveCfg = Debug|Any CPU
		{DB569AF4-344D-4E24-B2AD-1F65F520CAE8}.Debug|Any CPU.Build.0 = Debug|Any CPU
		{DB569AF4-344D-4E24-B2AD-1F65F520CAE8}.Release|Any CPU.ActiveCfg = Release|Any CPU
		{DB569AF4-344D-4E24-B2AD-1F65F520CAE8}.Release|Any CPU.Build.0 = Release|Any CPU
	EndGlobalSection
	GlobalSection(SolutionProperties) = preSolution
		HideSolutionNode = FALSE
	EndGlobalSection
	GlobalSection(ExtensibilityGlobals) = postSolution
		SolutionGuid = {2A65A9DB-2975-4D42-9832-A78A9232EAA0}
	EndGlobalSection
EndGlobal
